{
  "version": 4,
  "terraform_version": "1.3.6",
  "serial": 14,
  "lineage": "483196a3-466e-9ae6-0395-d1bb08d6ae29",
  "outputs": {},
  "resources": [
    {
      "mode": "managed",
      "type": "aws_iam_group",
      "name": "developers",
      "provider": "provider[\"registry.terraform.io/hashicorp/aws\"]",
      "instances": [
        {
          "schema_version": 0,
          "attributes": {
            "arn": "arn:aws:iam::194182572317:group/ops_group1",
            "id": "ops_group1",
            "name": "ops_group1",
            "path": "/",
            "unique_id": "AGPAS2NRO5EO5THJ7FQPE"
          },
          "sensitive_attributes": [],
          "private": "bnVsbA=="
        }
      ]
    },
    {
      "mode": "managed",
      "type": "aws_iam_group",
      "name": "developers0",
      "provider": "provider[\"registry.terraform.io/hashicorp/aws\"]",
      "instances": [
        {
          "schema_version": 0,
          "attributes": {
            "arn": "arn:aws:iam::194182572317:group/aadmin_group",
            "id": "aadmin_group",
            "name": "aadmin_group",
            "path": "/",
            "unique_id": "AGPAS2NRO5EOU5UVTWMDJ"
          },
          "sensitive_attributes": [],
          "private": "bnVsbA=="
        }
      ]
    },
    {
      "mode": "managed",
      "type": "aws_iam_group",
      "name": "developers1",
      "provider": "provider[\"registry.terraform.io/hashicorp/aws\"]",
      "instances": [
        {
          "schema_version": 0,
          "attributes": {
            "arn": "arn:aws:iam::194182572317:group/data_group",
            "id": "data_group",
            "name": "data_group",
            "path": "/",
            "unique_id": "AGPAS2NRO5EOZO44FUNFF"
          },
          "sensitive_attributes": [],
          "private": "bnVsbA=="
        }
      ]
    },
    {
      "mode": "managed",
      "type": "aws_iam_group",
      "name": "developers3",
      "provider": "provider[\"registry.terraform.io/hashicorp/aws\"]",
      "instances": [
        {
          "schema_version": 0,
          "attributes": {
            "arn": "arn:aws:iam::194182572317:group/server_group",
            "id": "server_group",
            "name": "server_group",
            "path": "/",
            "unique_id": "AGPAS2NRO5EO7KSHZQ7QZ"
          },
          "sensitive_attributes": [],
          "private": "bnVsbA=="
        }
      ]
    },
    {
      "mode": "managed",
      "type": "aws_iam_group",
      "name": "developers4",
      "provider": "provider[\"registry.terraform.io/hashicorp/aws\"]",
      "instances": [
        {
          "schema_version": 0,
          "attributes": {
            "arn": "arn:aws:iam::194182572317:group/monitoring_group",
            "id": "monitoring_group",
            "name": "monitoring_group",
            "path": "/",
            "unique_id": "AGPAS2NRO5EO5UYCNVW3Z"
          },
          "sensitive_attributes": [],
          "private": "bnVsbA=="
        }
      ]
    },
    {
      "mode": "managed",
      "type": "aws_iam_group",
      "name": "developers5",
      "provider": "provider[\"registry.terraform.io/hashicorp/aws\"]",
      "instances": [
        {
          "schema_version": 0,
          "attributes": {
            "arn": "arn:aws:iam::194182572317:group/finance_group",
            "id": "finance_group",
            "name": "finance_group",
            "path": "/",
            "unique_id": "AGPAS2NRO5EO54BNPV4VF"
          },
          "sensitive_attributes": [],
          "private": "bnVsbA=="
        }
      ]
    },
    {
      "mode": "managed",
      "type": "aws_iam_group",
      "name": "developers6",
      "provider": "provider[\"registry.terraform.io/hashicorp/aws\"]",
      "instances": [
        {
          "schema_version": 0,
          "attributes": {
            "arn": "arn:aws:iam::194182572317:group/dev_group",
            "id": "dev_group",
            "name": "dev_group",
            "path": "/",
            "unique_id": "AGPAS2NRO5EOZKHJWSXZR"
          },
          "sensitive_attributes": [],
          "private": "bnVsbA=="
        }
      ]
    },
    {
      "mode": "managed",
      "type": "aws_iam_group",
      "name": "developers7",
      "provider": "provider[\"registry.terraform.io/hashicorp/aws\"]",
      "instances": [
        {
          "schema_version": 0,
          "attributes": {
            "arn": "arn:aws:iam::194182572317:group/test_group",
            "id": "test_group",
            "name": "test_group",
            "path": "/",
            "unique_id": "AGPAS2NRO5EOTAZ7KDQQ7"
          },
          "sensitive_attributes": [],
          "private": "bnVsbA=="
        }
      ]
    },
    {
      "mode": "managed",
      "type": "aws_iam_group",
      "name": "developers8",
      "provider": "provider[\"registry.terraform.io/hashicorp/aws\"]",
      "instances": [
        {
          "schema_version": 0,
          "attributes": {
            "arn": "arn:aws:iam::194182572317:group/prod_group",
            "id": "prod_group",
            "name": "prod_group",
            "path": "/",
            "unique_id": "AGPAS2NRO5EO5BDTNSVC7"
          },
          "sensitive_attributes": [],
          "private": "bnVsbA=="
        }
      ]
    }
  ],
  "check_results": null
}
